// !$*UTF8*$!
{
	archiveVersion = 1;
	classes = {
	};
	objectVersion = 56;
	objects = {

/* Begin PBXBuildFile section */
		EF49225A2B0C30E5001EA500 /* BluetoothView.swift in Sources */ = {isa = PBXBuildFile; fileRef = EF4922592B0C30E5001EA500 /* BluetoothView.swift */; };
		EF49225C2B0C32D8001EA500 /* WifiView.swift in Sources */ = {isa = PBXBuildFile; fileRef = EF49225B2B0C32D8001EA500 /* WifiView.swift */; };
		EF49225E2B0C32E9001EA500 /* AirplaneView.swift in Sources */ = {isa = PBXBuildFile; fileRef = EF49225D2B0C32E9001EA500 /* AirplaneView.swift */; };
		EF4922602B0C337D001EA500 /* CellularView.swift in Sources */ = {isa = PBXBuildFile; fileRef = EF49225F2B0C337D001EA500 /* CellularView.swift */; };
		EF4922632B0C342B001EA500 /* HotspotView.swift in Sources */ = {isa = PBXBuildFile; fileRef = EF4922622B0C342B001EA500 /* HotspotView.swift */; };
		EF4922692B0C3907001EA500 /* AppleOnePackageView.swift in Sources */ = {isa = PBXBuildFile; fileRef = EF4922682B0C3907001EA500 /* AppleOnePackageView.swift */; };
		EF49226B2B0C3A6B001EA500 /* SoftwareUpdateView.swift in Sources */ = {isa = PBXBuildFile; fileRef = EF49226A2B0C3A6B001EA500 /* SoftwareUpdateView.swift */; };
		EF49226D2B0C3A83001EA500 /* PromotionView.swift in Sources */ = {isa = PBXBuildFile; fileRef = EF49226C2B0C3A83001EA500 /* PromotionView.swift */; };
		EF49226F2B0C3A88001EA500 /* iCloudView.swift in Sources */ = {isa = PBXBuildFile; fileRef = EF49226E2B0C3A88001EA500 /* iCloudView.swift */; };
		EF4922752B0C8F20001EA500 /* TextModifier.swift in Sources */ = {isa = PBXBuildFile; fileRef = EF4922742B0C8F20001EA500 /* TextModifier.swift */; };
		EF49227A2B0C9B11001EA500 /* VPNView.swift in Sources */ = {isa = PBXBuildFile; fileRef = EF4922792B0C9B11001EA500 /* VPNView.swift */; };
		EF8DA4252B06E50B009ADCB2 /* IPhoneSettingsApp.swift in Sources */ = {isa = PBXBuildFile; fileRef = EF8DA4242B06E50B009ADCB2 /* IPhoneSettingsApp.swift */; };
		EF8DA4272B06E50B009ADCB2 /* ContentView.swift in Sources */ = {isa = PBXBuildFile; fileRef = EF8DA4262B06E50B009ADCB2 /* ContentView.swift */; };
		EF8DA4292B06E50C009ADCB2 /* Assets.xcassets in Resources */ = {isa = PBXBuildFile; fileRef = EF8DA4282B06E50C009ADCB2 /* Assets.xcassets */; };
		EF8DA42C2B06E50C009ADCB2 /* Preview Assets.xcassets in Resources */ = {isa = PBXBuildFile; fileRef = EF8DA42B2B06E50C009ADCB2 /* Preview Assets.xcassets */; };
		EF8DA4362B06E50D009ADCB2 /* IPhoneSettingsTests.swift in Sources */ = {isa = PBXBuildFile; fileRef = EF8DA4352B06E50D009ADCB2 /* IPhoneSettingsTests.swift */; };
		EF8DA4402B06E50D009ADCB2 /* IPhoneSettingsUITests.swift in Sources */ = {isa = PBXBuildFile; fileRef = EF8DA43F2B06E50D009ADCB2 /* IPhoneSettingsUITests.swift */; };
		EF8DA4422B06E50D009ADCB2 /* IPhoneSettingsUITestsLaunchTests.swift in Sources */ = {isa = PBXBuildFile; fileRef = EF8DA4412B06E50D009ADCB2 /* IPhoneSettingsUITestsLaunchTests.swift */; };
		EF8DA45C2B06E5B5009ADCB2 /* AppSettingsView.swift in Sources */ = {isa = PBXBuildFile; fileRef = EF8DA4562B06E5B5009ADCB2 /* AppSettingsView.swift */; };
		EF8DA45D2B06E5B5009ADCB2 /* SettingView.swift in Sources */ = {isa = PBXBuildFile; fileRef = EF8DA4572B06E5B5009ADCB2 /* SettingView.swift */; };
		EF8DA45E2B06E5B5009ADCB2 /* AppSettingViewModel.swift in Sources */ = {isa = PBXBuildFile; fileRef = EF8DA4592B06E5B5009ADCB2 /* AppSettingViewModel.swift */; };
		EF8DA45F2B06E5B5009ADCB2 /* SearchBar.swift in Sources */ = {isa = PBXBuildFile; fileRef = EF8DA45B2B06E5B5009ADCB2 /* SearchBar.swift */; };
		EF8DA4642B06E750009ADCB2 /* MyInfoView.swift in Sources */ = {isa = PBXBuildFile; fileRef = EF8DA4632B06E750009ADCB2 /* MyInfoView.swift */; };
		EF8DA4662B07218B009ADCB2 /* ContentViewModel.swift in Sources */ = {isa = PBXBuildFile; fileRef = EF8DA4652B07218B009ADCB2 /* ContentViewModel.swift */; };
		EF8DA4692B072A9A009ADCB2 /* WirelessConnectivityView.swift in Sources */ = {isa = PBXBuildFile; fileRef = EF8DA4682B072A9A009ADCB2 /* WirelessConnectivityView.swift */; };
		EF8DA46E2B073DD4009ADCB2 /* LabelStyle.swift in Sources */ = {isa = PBXBuildFile; fileRef = EF8DA46D2B073DD4009ADCB2 /* LabelStyle.swift */; };
		EF8DA4702B0745F1009ADCB2 /* ViewExtension.swift in Sources */ = {isa = PBXBuildFile; fileRef = EF8DA46F2B0745F1009ADCB2 /* ViewExtension.swift */; };
		EFCCBAA52B0D95E1005F2D4E /* DigitalWellbeingHubView.swift in Sources */ = {isa = PBXBuildFile; fileRef = EFCCBAA42B0D95E1005F2D4E /* DigitalWellbeingHubView.swift */; };
		EFCCBAAB2B0D9671005F2D4E /* ScreenTimeview.swift in Sources */ = {isa = PBXBuildFile; fileRef = EFCCBAAA2B0D9671005F2D4E /* ScreenTimeview.swift */; };
		EFCCBAAD2B0D9676005F2D4E /* FocusView.swift in Sources */ = {isa = PBXBuildFile; fileRef = EFCCBAAC2B0D9676005F2D4E /* FocusView.swift */; };
		EFCCBAAF2B0D967B005F2D4E /* SoundsAndHapticsView.swift in Sources */ = {isa = PBXBuildFile; fileRef = EFCCBAAE2B0D967B005F2D4E /* SoundsAndHapticsView.swift */; };
		EFCCBAB12B0D967F005F2D4E /* NotificationsView.swift in Sources */ = {isa = PBXBuildFile; fileRef = EFCCBAB02B0D967F005F2D4E /* NotificationsView.swift */; };
/* End PBXBuildFile section */

/* Begin PBXContainerItemProxy section */
		EF8DA4322B06E50D009ADCB2 /* PBXContainerItemProxy */ = {
			isa = PBXContainerItemProxy;
			containerPortal = EF8DA4192B06E50A009ADCB2 /* Project object */;
			proxyType = 1;
			remoteGlobalIDString = EF8DA4202B06E50B009ADCB2;
			remoteInfo = IPhoneSettings;
		};
		EF8DA43C2B06E50D009ADCB2 /* PBXContainerItemProxy */ = {
			isa = PBXContainerItemProxy;
			containerPortal = EF8DA4192B06E50A009ADCB2 /* Project object */;
			proxyType = 1;
			remoteGlobalIDString = EF8DA4202B06E50B009ADCB2;
			remoteInfo = IPhoneSettings;
		};
/* End PBXContainerItemProxy section */

/* Begin PBXFileReference section */
		EF4922592B0C30E5001EA500 /* BluetoothView.swift */ = {isa = PBXFileReference; lastKnownFileType = sourcecode.swift; path = BluetoothView.swift; sourceTree = "<group>"; };
		EF49225B2B0C32D8001EA500 /* WifiView.swift */ = {isa = PBXFileReference; lastKnownFileType = sourcecode.swift; path = WifiView.swift; sourceTree = "<group>"; };
		EF49225D2B0C32E9001EA500 /* AirplaneView.swift */ = {isa = PBXFileReference; lastKnownFileType = sourcecode.swift; path = AirplaneView.swift; sourceTree = "<group>"; };
		EF49225F2B0C337D001EA500 /* CellularView.swift */ = {isa = PBXFileReference; lastKnownFileType = sourcecode.swift; path = CellularView.swift; sourceTree = "<group>"; };
		EF4922622B0C342B001EA500 /* HotspotView.swift */ = {isa = PBXFileReference; lastKnownFileType = sourcecode.swift; path = HotspotView.swift; sourceTree = "<group>"; };
		EF4922682B0C3907001EA500 /* AppleOnePackageView.swift */ = {isa = PBXFileReference; lastKnownFileType = sourcecode.swift; path = AppleOnePackageView.swift; sourceTree = "<group>"; };
		EF49226A2B0C3A6B001EA500 /* SoftwareUpdateView.swift */ = {isa = PBXFileReference; lastKnownFileType = sourcecode.swift; path = SoftwareUpdateView.swift; sourceTree = "<group>"; };
		EF49226C2B0C3A83001EA500 /* PromotionView.swift */ = {isa = PBXFileReference; lastKnownFileType = sourcecode.swift; path = PromotionView.swift; sourceTree = "<group>"; };
		EF49226E2B0C3A88001EA500 /* iCloudView.swift */ = {isa = PBXFileReference; lastKnownFileType = sourcecode.swift; path = iCloudView.swift; sourceTree = "<group>"; };
		EF4922742B0C8F20001EA500 /* TextModifier.swift */ = {isa = PBXFileReference; lastKnownFileType = sourcecode.swift; path = TextModifier.swift; sourceTree = "<group>"; };
		EF4922792B0C9B11001EA500 /* VPNView.swift */ = {isa = PBXFileReference; lastKnownFileType = sourcecode.swift; path = VPNView.swift; sourceTree = "<group>"; };
		EF8DA4212B06E50B009ADCB2 /* IPhoneSettings.app */ = {isa = PBXFileReference; explicitFileType = wrapper.application; includeInIndex = 0; path = IPhoneSettings.app; sourceTree = BUILT_PRODUCTS_DIR; };
		EF8DA4242B06E50B009ADCB2 /* IPhoneSettingsApp.swift */ = {isa = PBXFileReference; lastKnownFileType = sourcecode.swift; path = IPhoneSettingsApp.swift; sourceTree = "<group>"; };
		EF8DA4262B06E50B009ADCB2 /* ContentView.swift */ = {isa = PBXFileReference; lastKnownFileType = sourcecode.swift; path = ContentView.swift; sourceTree = "<group>"; };
		EF8DA4282B06E50C009ADCB2 /* Assets.xcassets */ = {isa = PBXFileReference; lastKnownFileType = folder.assetcatalog; path = Assets.xcassets; sourceTree = "<group>"; };
		EF8DA42B2B06E50C009ADCB2 /* Preview Assets.xcassets */ = {isa = PBXFileReference; lastKnownFileType = folder.assetcatalog; path = "Preview Assets.xcassets"; sourceTree = "<group>"; };
		EF8DA4312B06E50D009ADCB2 /* IPhoneSettingsTests.xctest */ = {isa = PBXFileReference; explicitFileType = wrapper.cfbundle; includeInIndex = 0; path = IPhoneSettingsTests.xctest; sourceTree = BUILT_PRODUCTS_DIR; };
		EF8DA4352B06E50D009ADCB2 /* IPhoneSettingsTests.swift */ = {isa = PBXFileReference; lastKnownFileType = sourcecode.swift; path = IPhoneSettingsTests.swift; sourceTree = "<group>"; };
		EF8DA43B2B06E50D009ADCB2 /* IPhoneSettingsUITests.xctest */ = {isa = PBXFileReference; explicitFileType = wrapper.cfbundle; includeInIndex = 0; path = IPhoneSettingsUITests.xctest; sourceTree = BUILT_PRODUCTS_DIR; };
		EF8DA43F2B06E50D009ADCB2 /* IPhoneSettingsUITests.swift */ = {isa = PBXFileReference; lastKnownFileType = sourcecode.swift; path = IPhoneSettingsUITests.swift; sourceTree = "<group>"; };
		EF8DA4412B06E50D009ADCB2 /* IPhoneSettingsUITestsLaunchTests.swift */ = {isa = PBXFileReference; lastKnownFileType = sourcecode.swift; path = IPhoneSettingsUITestsLaunchTests.swift; sourceTree = "<group>"; };
		EF8DA4562B06E5B5009ADCB2 /* AppSettingsView.swift */ = {isa = PBXFileReference; fileEncoding = 4; lastKnownFileType = sourcecode.swift; path = AppSettingsView.swift; sourceTree = "<group>"; };
		EF8DA4572B06E5B5009ADCB2 /* SettingView.swift */ = {isa = PBXFileReference; fileEncoding = 4; lastKnownFileType = sourcecode.swift; path = SettingView.swift; sourceTree = "<group>"; };
		EF8DA4592B06E5B5009ADCB2 /* AppSettingViewModel.swift */ = {isa = PBXFileReference; fileEncoding = 4; lastKnownFileType = sourcecode.swift; path = AppSettingViewModel.swift; sourceTree = "<group>"; };
		EF8DA45B2B06E5B5009ADCB2 /* SearchBar.swift */ = {isa = PBXFileReference; fileEncoding = 4; lastKnownFileType = sourcecode.swift; path = SearchBar.swift; sourceTree = "<group>"; };
		EF8DA4632B06E750009ADCB2 /* MyInfoView.swift */ = {isa = PBXFileReference; lastKnownFileType = sourcecode.swift; path = MyInfoView.swift; sourceTree = "<group>"; };
		EF8DA4652B07218B009ADCB2 /* ContentViewModel.swift */ = {isa = PBXFileReference; lastKnownFileType = sourcecode.swift; path = ContentViewModel.swift; sourceTree = "<group>"; };
		EF8DA4682B072A9A009ADCB2 /* WirelessConnectivityView.swift */ = {isa = PBXFileReference; lastKnownFileType = sourcecode.swift; path = WirelessConnectivityView.swift; sourceTree = "<group>"; };
		EF8DA46D2B073DD4009ADCB2 /* LabelStyle.swift */ = {isa = PBXFileReference; lastKnownFileType = sourcecode.swift; path = LabelStyle.swift; sourceTree = "<group>"; };
		EF8DA46F2B0745F1009ADCB2 /* ViewExtension.swift */ = {isa = PBXFileReference; lastKnownFileType = sourcecode.swift; path = ViewExtension.swift; sourceTree = "<group>"; };
		EFCCBAA42B0D95E1005F2D4E /* DigitalWellbeingHubView.swift */ = {isa = PBXFileReference; lastKnownFileType = sourcecode.swift; path = DigitalWellbeingHubView.swift; sourceTree = "<group>"; };
		EFCCBAAA2B0D9671005F2D4E /* ScreenTimeview.swift */ = {isa = PBXFileReference; lastKnownFileType = sourcecode.swift; path = ScreenTimeview.swift; sourceTree = "<group>"; };
		EFCCBAAC2B0D9676005F2D4E /* FocusView.swift */ = {isa = PBXFileReference; lastKnownFileType = sourcecode.swift; path = FocusView.swift; sourceTree = "<group>"; };
		EFCCBAAE2B0D967B005F2D4E /* SoundsAndHapticsView.swift */ = {isa = PBXFileReference; lastKnownFileType = sourcecode.swift; path = SoundsAndHapticsView.swift; sourceTree = "<group>"; };
		EFCCBAB02B0D967F005F2D4E /* NotificationsView.swift */ = {isa = PBXFileReference; lastKnownFileType = sourcecode.swift; path = NotificationsView.swift; sourceTree = "<group>"; };
/* End PBXFileReference section */

/* Begin PBXFrameworksBuildPhase section */
		EF8DA41E2B06E50B009ADCB2 /* Frameworks */ = {
			isa = PBXFrameworksBuildPhase;
			buildActionMask = 2147483647;
			files = (
			);
			runOnlyForDeploymentPostprocessing = 0;
		};
		EF8DA42E2B06E50D009ADCB2 /* Frameworks */ = {
			isa = PBXFrameworksBuildPhase;
			buildActionMask = 2147483647;
			files = (
			);
			runOnlyForDeploymentPostprocessing = 0;
		};
		EF8DA4382B06E50D009ADCB2 /* Frameworks */ = {
			isa = PBXFrameworksBuildPhase;
			buildActionMask = 2147483647;
			files = (
			);
			runOnlyForDeploymentPostprocessing = 0;
		};
/* End PBXFrameworksBuildPhase section */

/* Begin PBXGroup section */
		EF4922612B0C3423001EA500 /* HotSpot */ = {
			isa = PBXGroup;
			children = (
				EF4922622B0C342B001EA500 /* HotspotView.swift */,
			);
			path = HotSpot;
			sourceTree = "<group>";
		};
		EF4922642B0C37D3001EA500 /* AppleOnePackage */ = {
			isa = PBXGroup;
			children = (
				EF4922662B0C38E8001EA500 /* Promotion */,
				EF4922672B0C38EF001EA500 /* SoftwareUpdate */,
				EF4922652B0C38E1001EA500 /* iCloud */,
				EF4922682B0C3907001EA500 /* AppleOnePackageView.swift */,
			);
			path = AppleOnePackage;
			sourceTree = "<group>";
		};
		EF4922652B0C38E1001EA500 /* iCloud */ = {
			isa = PBXGroup;
			children = (
				EF49226E2B0C3A88001EA500 /* iCloudView.swift */,
			);
			path = iCloud;
			sourceTree = "<group>";
		};
		EF4922662B0C38E8001EA500 /* Promotion */ = {
			isa = PBXGroup;
			children = (
				EF49226C2B0C3A83001EA500 /* PromotionView.swift */,
			);
			path = Promotion;
			sourceTree = "<group>";
		};
		EF4922672B0C38EF001EA500 /* SoftwareUpdate */ = {
			isa = PBXGroup;
			children = (
				EF49226A2B0C3A6B001EA500 /* SoftwareUpdateView.swift */,
			);
			path = SoftwareUpdate;
			sourceTree = "<group>";
		};
		EF4922762B0C9AEA001EA500 /* VPN */ = {
			isa = PBXGroup;
			children = (
				EF4922792B0C9B11001EA500 /* VPNView.swift */,
			);
			path = VPN;
			sourceTree = "<group>";
		};
		EF8DA4182B06E50A009ADCB2 = {
			isa = PBXGroup;
			children = (
				EF8DA4232B06E50B009ADCB2 /* IPhoneSettings */,
				EF8DA4342B06E50D009ADCB2 /* IPhoneSettingsTests */,
				EF8DA43E2B06E50D009ADCB2 /* IPhoneSettingsUITests */,
				EF8DA4222B06E50B009ADCB2 /* Products */,
			);
			sourceTree = "<group>";
		};
		EF8DA4222B06E50B009ADCB2 /* Products */ = {
			isa = PBXGroup;
			children = (
				EF8DA4212B06E50B009ADCB2 /* IPhoneSettings.app */,
				EF8DA4312B06E50D009ADCB2 /* IPhoneSettingsTests.xctest */,
				EF8DA43B2B06E50D009ADCB2 /* IPhoneSettingsUITests.xctest */,
			);
			name = Products;
			sourceTree = "<group>";
		};
		EF8DA4232B06E50B009ADCB2 /* IPhoneSettings */ = {
			isa = PBXGroup;
			children = (
				EF8DA42A2B06E50C009ADCB2 /* Preview Content */,
				EF8DA4552B06E5AD009ADCB2 /* Dummy */,
				EF8DA4522B06E528009ADCB2 /* Utils */,
				EF8DA4512B06E521009ADCB2 /* Windows */,
				EF8DA4612B06E6C9009ADCB2 /* ContentView */,
			);
			path = IPhoneSettings;
			sourceTree = "<group>";
		};
		EF8DA42A2B06E50C009ADCB2 /* Preview Content */ = {
			isa = PBXGroup;
			children = (
				EF8DA42B2B06E50C009ADCB2 /* Preview Assets.xcassets */,
			);
			path = "Preview Content";
			sourceTree = "<group>";
		};
		EF8DA4342B06E50D009ADCB2 /* IPhoneSettingsTests */ = {
			isa = PBXGroup;
			children = (
				EF8DA4352B06E50D009ADCB2 /* IPhoneSettingsTests.swift */,
			);
			path = IPhoneSettingsTests;
			sourceTree = "<group>";
		};
		EF8DA43E2B06E50D009ADCB2 /* IPhoneSettingsUITests */ = {
			isa = PBXGroup;
			children = (
				EF8DA43F2B06E50D009ADCB2 /* IPhoneSettingsUITests.swift */,
				EF8DA4412B06E50D009ADCB2 /* IPhoneSettingsUITestsLaunchTests.swift */,
			);
			path = IPhoneSettingsUITests;
			sourceTree = "<group>";
		};
		EF8DA44E2B06E511009ADCB2 /* View */ = {
			isa = PBXGroup;
			children = (
				EF8DA4622B06E737009ADCB2 /* CustomView */,
				EF8DA4262B06E50B009ADCB2 /* ContentView.swift */,
			);
			path = View;
			sourceTree = "<group>";
		};
		EF8DA44F2B06E513009ADCB2 /* ViewModel */ = {
			isa = PBXGroup;
			children = (
				EF8DA4652B07218B009ADCB2 /* ContentViewModel.swift */,
			);
			path = ViewModel;
			sourceTree = "<group>";
		};
		EF8DA4502B06E516009ADCB2 /* Model */ = {
			isa = PBXGroup;
			children = (
			);
			path = Model;
			sourceTree = "<group>";
		};
		EF8DA4512B06E521009ADCB2 /* Windows */ = {
			isa = PBXGroup;
			children = (
				EF8DA4242B06E50B009ADCB2 /* IPhoneSettingsApp.swift */,
			);
			path = Windows;
			sourceTree = "<group>";
		};
		EF8DA4522B06E528009ADCB2 /* Utils */ = {
			isa = PBXGroup;
			children = (
				EF8DA46A2B073DC3009ADCB2 /* Modifier */,
				EF8DA4542B06E54A009ADCB2 /* Extensions */,
				EF8DA4532B06E543009ADCB2 /* Resources */,
			);
			path = Utils;
			sourceTree = "<group>";
		};
		EF8DA4532B06E543009ADCB2 /* Resources */ = {
			isa = PBXGroup;
			children = (
				EF8DA4282B06E50C009ADCB2 /* Assets.xcassets */,
			);
			path = Resources;
			sourceTree = "<group>";
		};
		EF8DA4542B06E54A009ADCB2 /* Extensions */ = {
			isa = PBXGroup;
			children = (
				EF8DA46F2B0745F1009ADCB2 /* ViewExtension.swift */,
			);
			path = Extensions;
			sourceTree = "<group>";
		};
		EF8DA4552B06E5AD009ADCB2 /* Dummy */ = {
			isa = PBXGroup;
			children = (
				EF8DA45A2B06E5B5009ADCB2 /* CustomView */,
				EF8DA4562B06E5B5009ADCB2 /* AppSettingsView.swift */,
				EF8DA4572B06E5B5009ADCB2 /* SettingView.swift */,
				EF8DA4582B06E5B5009ADCB2 /* ViewModel */,
			);
			path = Dummy;
			sourceTree = "<group>";
		};
		EF8DA4582B06E5B5009ADCB2 /* ViewModel */ = {
			isa = PBXGroup;
			children = (
				EF8DA4592B06E5B5009ADCB2 /* AppSettingViewModel.swift */,
			);
			path = ViewModel;
			sourceTree = "<group>";
		};
		EF8DA45A2B06E5B5009ADCB2 /* CustomView */ = {
			isa = PBXGroup;
			children = (
				EF8DA45B2B06E5B5009ADCB2 /* SearchBar.swift */,
			);
			path = CustomView;
			sourceTree = "<group>";
		};
		EF8DA4612B06E6C9009ADCB2 /* ContentView */ = {
			isa = PBXGroup;
			children = (
				EF8DA4502B06E516009ADCB2 /* Model */,
				EF8DA44F2B06E513009ADCB2 /* ViewModel */,
				EF8DA44E2B06E511009ADCB2 /* View */,
			);
			path = ContentView;
			sourceTree = "<group>";
		};
		EF8DA4622B06E737009ADCB2 /* CustomView */ = {
			isa = PBXGroup;
			children = (
				EFCCBAA12B0D95CB005F2D4E /* DigitalWellbeingHub */,
				EF8DA4722B0748A9009ADCB2 /* MyInfo */,
				EF4922642B0C37D3001EA500 /* AppleOnePackage */,
				EF8DA4712B07489C009ADCB2 /* WirelessConnectivity */,
			);
			path = CustomView;
			sourceTree = "<group>";
		};
		EF8DA46A2B073DC3009ADCB2 /* Modifier */ = {
			isa = PBXGroup;
			children = (
				EF8DA46D2B073DD4009ADCB2 /* LabelStyle.swift */,
				EF4922742B0C8F20001EA500 /* TextModifier.swift */,
			);
			path = Modifier;
			sourceTree = "<group>";
		};
		EF8DA4712B07489C009ADCB2 /* WirelessConnectivity */ = {
			isa = PBXGroup;
			children = (
				EF8DA4732B0748B1009ADCB2 /* Airplane */,
				EF8DA4742B0748B7009ADCB2 /* Wifi */,
				EF8DA4752B0748BA009ADCB2 /* Bluetooth */,
				EF8DA4762B0748BF009ADCB2 /* Cellular */,
				EF4922612B0C3423001EA500 /* HotSpot */,
				EF4922762B0C9AEA001EA500 /* VPN */,
				EF8DA4682B072A9A009ADCB2 /* WirelessConnectivityView.swift */,
			);
			path = WirelessConnectivity;
			sourceTree = "<group>";
		};
		EF8DA4722B0748A9009ADCB2 /* MyInfo */ = {
			isa = PBXGroup;
			children = (
				EF8DA4632B06E750009ADCB2 /* MyInfoView.swift */,
			);
			path = MyInfo;
			sourceTree = "<group>";
		};
		EF8DA4732B0748B1009ADCB2 /* Airplane */ = {
			isa = PBXGroup;
			children = (
				EF49225D2B0C32E9001EA500 /* AirplaneView.swift */,
			);
			path = Airplane;
			sourceTree = "<group>";
		};
		EF8DA4742B0748B7009ADCB2 /* Wifi */ = {
			isa = PBXGroup;
			children = (
				EF49225B2B0C32D8001EA500 /* WifiView.swift */,
			);
			path = Wifi;
			sourceTree = "<group>";
		};
		EF8DA4752B0748BA009ADCB2 /* Bluetooth */ = {
			isa = PBXGroup;
			children = (
				EF4922592B0C30E5001EA500 /* BluetoothView.swift */,
			);
			path = Bluetooth;
			sourceTree = "<group>";
		};
		EF8DA4762B0748BF009ADCB2 /* Cellular */ = {
			isa = PBXGroup;
			children = (
				EF49225F2B0C337D001EA500 /* CellularView.swift */,
			);
			path = Cellular;
			sourceTree = "<group>";
		};
		EFCCBAA12B0D95CB005F2D4E /* DigitalWellbeingHub */ = {
			isa = PBXGroup;
			children = (
				EFCCBAA62B0D95F3005F2D4E /* Notifications */,
				EFCCBAA82B0D9603005F2D4E /* SoundsAndHaptics */,
				EFCCBAA92B0D9664005F2D4E /* Focus */,
				EFCCBAA72B0D95FF005F2D4E /* ScreenTime */,
				EFCCBAA42B0D95E1005F2D4E /* DigitalWellbeingHubView.swift */,
			);
			path = DigitalWellbeingHub;
			sourceTree = "<group>";
		};
		EFCCBAA62B0D95F3005F2D4E /* Notifications */ = {
			isa = PBXGroup;
			children = (
				EFCCBAB02B0D967F005F2D4E /* NotificationsView.swift */,
			);
			path = Notifications;
			sourceTree = "<group>";
		};
		EFCCBAA72B0D95FF005F2D4E /* ScreenTime */ = {
			isa = PBXGroup;
			children = (
				EFCCBAAA2B0D9671005F2D4E /* ScreenTimeview.swift */,
			);
			path = ScreenTime;
			sourceTree = "<group>";
		};
		EFCCBAA82B0D9603005F2D4E /* SoundsAndHaptics */ = {
			isa = PBXGroup;
			children = (
				EFCCBAAE2B0D967B005F2D4E /* SoundsAndHapticsView.swift */,
			);
			path = SoundsAndHaptics;
			sourceTree = "<group>";
		};
		EFCCBAA92B0D9664005F2D4E /* Focus */ = {
			isa = PBXGroup;
			children = (
				EFCCBAAC2B0D9676005F2D4E /* FocusView.swift */,
			);
			path = Focus;
			sourceTree = "<group>";
		};
/* End PBXGroup section */

/* Begin PBXNativeTarget section */
		EF8DA4202B06E50B009ADCB2 /* IPhoneSettings */ = {
			isa = PBXNativeTarget;
			buildConfigurationList = EF8DA4452B06E50D009ADCB2 /* Build configuration list for PBXNativeTarget "IPhoneSettings" */;
			buildPhases = (
				EF8DA41D2B06E50B009ADCB2 /* Sources */,
				EF8DA41E2B06E50B009ADCB2 /* Frameworks */,
				EF8DA41F2B06E50B009ADCB2 /* Resources */,
			);
			buildRules = (
			);
			dependencies = (
			);
			name = IPhoneSettings;
			productName = IPhoneSettings;
			productReference = EF8DA4212B06E50B009ADCB2 /* IPhoneSettings.app */;
			productType = "com.apple.product-type.application";
		};
		EF8DA4302B06E50D009ADCB2 /* IPhoneSettingsTests */ = {
			isa = PBXNativeTarget;
			buildConfigurationList = EF8DA4482B06E50D009ADCB2 /* Build configuration list for PBXNativeTarget "IPhoneSettingsTests" */;
			buildPhases = (
				EF8DA42D2B06E50D009ADCB2 /* Sources */,
				EF8DA42E2B06E50D009ADCB2 /* Frameworks */,
				EF8DA42F2B06E50D009ADCB2 /* Resources */,
			);
			buildRules = (
			);
			dependencies = (
				EF8DA4332B06E50D009ADCB2 /* PBXTargetDependency */,
			);
			name = IPhoneSettingsTests;
			productName = IPhoneSettingsTests;
			productReference = EF8DA4312B06E50D009ADCB2 /* IPhoneSettingsTests.xctest */;
			productType = "com.apple.product-type.bundle.unit-test";
		};
		EF8DA43A2B06E50D009ADCB2 /* IPhoneSettingsUITests */ = {
			isa = PBXNativeTarget;
			buildConfigurationList = EF8DA44B2B06E50D009ADCB2 /* Build configuration list for PBXNativeTarget "IPhoneSettingsUITests" */;
			buildPhases = (
				EF8DA4372B06E50D009ADCB2 /* Sources */,
				EF8DA4382B06E50D009ADCB2 /* Frameworks */,
				EF8DA4392B06E50D009ADCB2 /* Resources */,
			);
			buildRules = (
			);
			dependencies = (
				EF8DA43D2B06E50D009ADCB2 /* PBXTargetDependency */,
			);
			name = IPhoneSettingsUITests;
			productName = IPhoneSettingsUITests;
			productReference = EF8DA43B2B06E50D009ADCB2 /* IPhoneSettingsUITests.xctest */;
			productType = "com.apple.product-type.bundle.ui-testing";
		};
/* End PBXNativeTarget section */

/* Begin PBXProject section */
		EF8DA4192B06E50A009ADCB2 /* Project object */ = {
			isa = PBXProject;
			attributes = {
				BuildIndependentTargetsInParallel = 1;
				LastSwiftUpdateCheck = 1430;
				LastUpgradeCheck = 1430;
				TargetAttributes = {
					EF8DA4202B06E50B009ADCB2 = {
						CreatedOnToolsVersion = 14.3;
					};
					EF8DA4302B06E50D009ADCB2 = {
						CreatedOnToolsVersion = 14.3;
						TestTargetID = EF8DA4202B06E50B009ADCB2;
					};
					EF8DA43A2B06E50D009ADCB2 = {
						CreatedOnToolsVersion = 14.3;
						TestTargetID = EF8DA4202B06E50B009ADCB2;
					};
				};
			};
			buildConfigurationList = EF8DA41C2B06E50A009ADCB2 /* Build configuration list for PBXProject "IPhoneSettings" */;
			compatibilityVersion = "Xcode 14.0";
			developmentRegion = en;
			hasScannedForEncodings = 0;
			knownRegions = (
				en,
				Base,
			);
			mainGroup = EF8DA4182B06E50A009ADCB2;
			productRefGroup = EF8DA4222B06E50B009ADCB2 /* Products */;
			projectDirPath = "";
			projectRoot = "";
			targets = (
				EF8DA4202B06E50B009ADCB2 /* IPhoneSettings */,
				EF8DA4302B06E50D009ADCB2 /* IPhoneSettingsTests */,
				EF8DA43A2B06E50D009ADCB2 /* IPhoneSettingsUITests */,
			);
		};
/* End PBXProject section */

/* Begin PBXResourcesBuildPhase section */
		EF8DA41F2B06E50B009ADCB2 /* Resources */ = {
			isa = PBXResourcesBuildPhase;
			buildActionMask = 2147483647;
			files = (
				EF8DA42C2B06E50C009ADCB2 /* Preview Assets.xcassets in Resources */,
				EF8DA4292B06E50C009ADCB2 /* Assets.xcassets in Resources */,
			);
			runOnlyForDeploymentPostprocessing = 0;
		};
		EF8DA42F2B06E50D009ADCB2 /* Resources */ = {
			isa = PBXResourcesBuildPhase;
			buildActionMask = 2147483647;
			files = (
			);
			runOnlyForDeploymentPostprocessing = 0;
		};
		EF8DA4392B06E50D009ADCB2 /* Resources */ = {
			isa = PBXResourcesBuildPhase;
			buildActionMask = 2147483647;
			files = (
			);
			runOnlyForDeploymentPostprocessing = 0;
		};
/* End PBXResourcesBuildPhase section */

/* Begin PBXSourcesBuildPhase section */
		EF8DA41D2B06E50B009ADCB2 /* Sources */ = {
			isa = PBXSourcesBuildPhase;
			buildActionMask = 2147483647;
			files = (
				EF49226D2B0C3A83001EA500 /* PromotionView.swift in Sources */,
				EFCCBAA52B0D95E1005F2D4E /* DigitalWellbeingHubView.swift in Sources */,
				EF8DA4662B07218B009ADCB2 /* ContentViewModel.swift in Sources */,
				EF49226F2B0C3A88001EA500 /* iCloudView.swift in Sources */,
				EF8DA4642B06E750009ADCB2 /* MyInfoView.swift in Sources */,
				EFCCBAAF2B0D967B005F2D4E /* SoundsAndHapticsView.swift in Sources */,
				EF49225C2B0C32D8001EA500 /* WifiView.swift in Sources */,
				EF4922752B0C8F20001EA500 /* TextModifier.swift in Sources */,
				EF8DA46E2B073DD4009ADCB2 /* LabelStyle.swift in Sources */,
				EF49227A2B0C9B11001EA500 /* VPNView.swift in Sources */,
				EFCCBAAB2B0D9671005F2D4E /* ScreenTimeview.swift in Sources */,
				EF49225E2B0C32E9001EA500 /* AirplaneView.swift in Sources */,
				EF8DA4272B06E50B009ADCB2 /* ContentView.swift in Sources */,
				EF49226B2B0C3A6B001EA500 /* SoftwareUpdateView.swift in Sources */,
				EF8DA4692B072A9A009ADCB2 /* WirelessConnectivityView.swift in Sources */,
				EF8DA45E2B06E5B5009ADCB2 /* AppSettingViewModel.swift in Sources */,
				EF4922692B0C3907001EA500 /* AppleOnePackageView.swift in Sources */,
				EFCCBAB12B0D967F005F2D4E /* NotificationsView.swift in Sources */,
				EF4922632B0C342B001EA500 /* HotspotView.swift in Sources */,
				EF8DA45D2B06E5B5009ADCB2 /* SettingView.swift in Sources */,
				EF49225A2B0C30E5001EA500 /* BluetoothView.swift in Sources */,
				EFCCBAAD2B0D9676005F2D4E /* FocusView.swift in Sources */,
				EF8DA4702B0745F1009ADCB2 /* ViewExtension.swift in Sources */,
				EF4922602B0C337D001EA500 /* CellularView.swift in Sources */,
				EF8DA45C2B06E5B5009ADCB2 /* AppSettingsView.swift in Sources */,
				EF8DA4252B06E50B009ADCB2 /* IPhoneSettingsApp.swift in Sources */,
				EF8DA45F2B06E5B5009ADCB2 /* SearchBar.swift in Sources */,
			);
			runOnlyForDeploymentPostprocessing = 0;
		};
		EF8DA42D2B06E50D009ADCB2 /* Sources */ = {
			isa = PBXSourcesBuildPhase;
			buildActionMask = 2147483647;
			files = (
				EF8DA4362B06E50D009ADCB2 /* IPhoneSettingsTests.swift in Sources */,
			);
			runOnlyForDeploymentPostprocessing = 0;
		};
		EF8DA4372B06E50D009ADCB2 /* Sources */ = {
			isa = PBXSourcesBuildPhase;
			buildActionMask = 2147483647;
			files = (
				EF8DA4422B06E50D009ADCB2 /* IPhoneSettingsUITestsLaunchTests.swift in Sources */,
				EF8DA4402B06E50D009ADCB2 /* IPhoneSettingsUITests.swift in Sources */,
			);
			runOnlyForDeploymentPostprocessing = 0;
		};
/* End PBXSourcesBuildPhase section */

/* Begin PBXTargetDependency section */
		EF8DA4332B06E50D009ADCB2 /* PBXTargetDependency */ = {
			isa = PBXTargetDependency;
			target = EF8DA4202B06E50B009ADCB2 /* IPhoneSettings */;
			targetProxy = EF8DA4322B06E50D009ADCB2 /* PBXContainerItemProxy */;
		};
		EF8DA43D2B06E50D009ADCB2 /* PBXTargetDependency */ = {
			isa = PBXTargetDependency;
			target = EF8DA4202B06E50B009ADCB2 /* IPhoneSettings */;
			targetProxy = EF8DA43C2B06E50D009ADCB2 /* PBXContainerItemProxy */;
		};
/* End PBXTargetDependency section */

/* Begin XCBuildConfiguration section */
		EF8DA4432B06E50D009ADCB2 /* Debug */ = {
			isa = XCBuildConfiguration;
			buildSettings = {
				ALWAYS_SEARCH_USER_PATHS = NO;
				CLANG_ANALYZER_NONNULL = YES;
				CLANG_ANALYZER_NUMBER_OBJECT_CONVERSION = YES_AGGRESSIVE;
				CLANG_CXX_LANGUAGE_STANDARD = "gnu++20";
				CLANG_ENABLE_MODULES = YES;
				CLANG_ENABLE_OBJC_ARC = YES;
				CLANG_ENABLE_OBJC_WEAK = YES;
				CLANG_WARN_BLOCK_CAPTURE_AUTORELEASING = YES;
				CLANG_WARN_BOOL_CONVERSION = YES;
				CLANG_WARN_COMMA = YES;
				CLANG_WARN_CONSTANT_CONVERSION = YES;
				CLANG_WARN_DEPRECATED_OBJC_IMPLEMENTATIONS = YES;
				CLANG_WARN_DIRECT_OBJC_ISA_USAGE = YES_ERROR;
				CLANG_WARN_DOCUMENTATION_COMMENTS = YES;
				CLANG_WARN_EMPTY_BODY = YES;
				CLANG_WARN_ENUM_CONVERSION = YES;
				CLANG_WARN_INFINITE_RECURSION = YES;
				CLANG_WARN_INT_CONVERSION = YES;
				CLANG_WARN_NON_LITERAL_NULL_CONVERSION = YES;
				CLANG_WARN_OBJC_IMPLICIT_RETAIN_SELF = YES;
				CLANG_WARN_OBJC_LITERAL_CONVERSION = YES;
				CLANG_WARN_OBJC_ROOT_CLASS = YES_ERROR;
				CLANG_WARN_QUOTED_INCLUDE_IN_FRAMEWORK_HEADER = YES;
				CLANG_WARN_RANGE_LOOP_ANALYSIS = YES;
				CLANG_WARN_STRICT_PROTOTYPES = YES;
				CLANG_WARN_SUSPICIOUS_MOVE = YES;
				CLANG_WARN_UNGUARDED_AVAILABILITY = YES_AGGRESSIVE;
				CLANG_WARN_UNREACHABLE_CODE = YES;
				CLANG_WARN__DUPLICATE_METHOD_MATCH = YES;
				COPY_PHASE_STRIP = NO;
				DEBUG_INFORMATION_FORMAT = dwarf;
				ENABLE_STRICT_OBJC_MSGSEND = YES;
				ENABLE_TESTABILITY = YES;
				GCC_C_LANGUAGE_STANDARD = gnu11;
				GCC_DYNAMIC_NO_PIC = NO;
				GCC_NO_COMMON_BLOCKS = YES;
				GCC_OPTIMIZATION_LEVEL = 0;
				GCC_PREPROCESSOR_DEFINITIONS = (
					"DEBUG=1",
					"$(inherited)",
				);
				GCC_WARN_64_TO_32_BIT_CONVERSION = YES;
				GCC_WARN_ABOUT_RETURN_TYPE = YES_ERROR;
				GCC_WARN_UNDECLARED_SELECTOR = YES;
				GCC_WARN_UNINITIALIZED_AUTOS = YES_AGGRESSIVE;
				GCC_WARN_UNUSED_FUNCTION = YES;
				GCC_WARN_UNUSED_VARIABLE = YES;
				IPHONEOS_DEPLOYMENT_TARGET = 15.0;
				MTL_ENABLE_DEBUG_INFO = INCLUDE_SOURCE;
				MTL_FAST_MATH = YES;
				ONLY_ACTIVE_ARCH = YES;
				SDKROOT = iphoneos;
				SWIFT_ACTIVE_COMPILATION_CONDITIONS = DEBUG;
				SWIFT_OPTIMIZATION_LEVEL = "-Onone";
			};
			name = Debug;
		};
		EF8DA4442B06E50D009ADCB2 /* Release */ = {
			isa = XCBuildConfiguration;
			buildSettings = {
				ALWAYS_SEARCH_USER_PATHS = NO;
				CLANG_ANALYZER_NONNULL = YES;
				CLANG_ANALYZER_NUMBER_OBJECT_CONVERSION = YES_AGGRESSIVE;
				CLANG_CXX_LANGUAGE_STANDARD = "gnu++20";
				CLANG_ENABLE_MODULES = YES;
				CLANG_ENABLE_OBJC_ARC = YES;
				CLANG_ENABLE_OBJC_WEAK = YES;
				CLANG_WARN_BLOCK_CAPTURE_AUTORELEASING = YES;
				CLANG_WARN_BOOL_CONVERSION = YES;
				CLANG_WARN_COMMA = YES;
				CLANG_WARN_CONSTANT_CONVERSION = YES;
				CLANG_WARN_DEPRECATED_OBJC_IMPLEMENTATIONS = YES;
				CLANG_WARN_DIRECT_OBJC_ISA_USAGE = YES_ERROR;
				CLANG_WARN_DOCUMENTATION_COMMENTS = YES;
				CLANG_WARN_EMPTY_BODY = YES;
				CLANG_WARN_ENUM_CONVERSION = YES;
				CLANG_WARN_INFINITE_RECURSION = YES;
				CLANG_WARN_INT_CONVERSION = YES;
				CLANG_WARN_NON_LITERAL_NULL_CONVERSION = YES;
				CLANG_WARN_OBJC_IMPLICIT_RETAIN_SELF = YES;
				CLANG_WARN_OBJC_LITERAL_CONVERSION = YES;
				CLANG_WARN_OBJC_ROOT_CLASS = YES_ERROR;
				CLANG_WARN_QUOTED_INCLUDE_IN_FRAMEWORK_HEADER = YES;
				CLANG_WARN_RANGE_LOOP_ANALYSIS = YES;
				CLANG_WARN_STRICT_PROTOTYPES = YES;
				CLANG_WARN_SUSPICIOUS_MOVE = YES;
				CLANG_WARN_UNGUARDED_AVAILABILITY = YES_AGGRESSIVE;
				CLANG_WARN_UNREACHABLE_CODE = YES;
				CLANG_WARN__DUPLICATE_METHOD_MATCH = YES;
				COPY_PHASE_STRIP = NO;
				DEBUG_INFORMATION_FORMAT = "dwarf-with-dsym";
				ENABLE_NS_ASSERTIONS = NO;
				ENABLE_STRICT_OBJC_MSGSEND = YES;
				GCC_C_LANGUAGE_STANDARD = gnu11;
				GCC_NO_COMMON_BLOCKS = YES;
				GCC_WARN_64_TO_32_BIT_CONVERSION = YES;
				GCC_WARN_ABOUT_RETURN_TYPE = YES_ERROR;
				GCC_WARN_UNDECLARED_SELECTOR = YES;
				GCC_WARN_UNINITIALIZED_AUTOS = YES_AGGRESSIVE;
				GCC_WARN_UNUSED_FUNCTION = YES;
				GCC_WARN_UNUSED_VARIABLE = YES;
				IPHONEOS_DEPLOYMENT_TARGET = 15.0;
				MTL_ENABLE_DEBUG_INFO = NO;
				MTL_FAST_MATH = YES;
				SDKROOT = iphoneos;
				SWIFT_COMPILATION_MODE = wholemodule;
				SWIFT_OPTIMIZATION_LEVEL = "-O";
				VALIDATE_PRODUCT = YES;
			};
			name = Release;
		};
		EF8DA4462B06E50D009ADCB2 /* Debug */ = {
			isa = XCBuildConfiguration;
			buildSettings = {
				ASSETCATALOG_COMPILER_APPICON_NAME = AppIcon;
				ASSETCATALOG_COMPILER_GLOBAL_ACCENT_COLOR_NAME = AccentColor;
				CODE_SIGN_STYLE = Automatic;
				CURRENT_PROJECT_VERSION = 1;
				DEVELOPMENT_ASSET_PATHS = "\"IPhoneSettings/Preview Content\"";
				DEVELOPMENT_TEAM = JA868URLCA;
				ENABLE_PREVIEWS = YES;
				GENERATE_INFOPLIST_FILE = YES;
				INFOPLIST_KEY_UIApplicationSceneManifest_Generation = YES;
				INFOPLIST_KEY_UIApplicationSupportsIndirectInputEvents = YES;
				INFOPLIST_KEY_UILaunchScreen_Generation = YES;
				INFOPLIST_KEY_UISupportedInterfaceOrientations_iPad = "UIInterfaceOrientationPortrait UIInterfaceOrientationPortraitUpsideDown UIInterfaceOrientationLandscapeLeft UIInterfaceOrientationLandscapeRight";
				INFOPLIST_KEY_UISupportedInterfaceOrientations_iPhone = "UIInterfaceOrientationPortrait UIInterfaceOrientationLandscapeLeft UIInterfaceOrientationLandscapeRight";
				LD_RUNPATH_SEARCH_PATHS = (
					"$(inherited)",
					"@executable_path/Frameworks",
				);
				MARKETING_VERSION = 1.0;
				PRODUCT_BUNDLE_IDENTIFIER = com.SimSangGab.IPhoneSettings;
				PRODUCT_NAME = "$(TARGET_NAME)";
				SWIFT_EMIT_LOC_STRINGS = YES;
				SWIFT_VERSION = 5.0;
				TARGETED_DEVICE_FAMILY = "1,2";
			};
			name = Debug;
		};
		EF8DA4472B06E50D009ADCB2 /* Release */ = {
			isa = XCBuildConfiguration;
			buildSettings = {
				ASSETCATALOG_COMPILER_APPICON_NAME = AppIcon;
				ASSETCATALOG_COMPILER_GLOBAL_ACCENT_COLOR_NAME = AccentColor;
				CODE_SIGN_STYLE = Automatic;
				CURRENT_PROJECT_VERSION = 1;
				DEVELOPMENT_ASSET_PATHS = "\"IPhoneSettings/Preview Content\"";
				DEVELOPMENT_TEAM = JA868URLCA;
				ENABLE_PREVIEWS = YES;
				GENERATE_INFOPLIST_FILE = YES;
				INFOPLIST_KEY_UIApplicationSceneManifest_Generation = YES;
				INFOPLIST_KEY_UIApplicationSupportsIndirectInputEvents = YES;
				INFOPLIST_KEY_UILaunchScreen_Generation = YES;
				INFOPLIST_KEY_UISupportedInterfaceOrientations_iPad = "UIInterfaceOrientationPortrait UIInterfaceOrientationPortraitUpsideDown UIInterfaceOrientationLandscapeLeft UIInterfaceOrientationLandscapeRight";
				INFOPLIST_KEY_UISupportedInterfaceOrientations_iPhone = "UIInterfaceOrientationPortrait UIInterfaceOrientationLandscapeLeft UIInterfaceOrientationLandscapeRight";
				LD_RUNPATH_SEARCH_PATHS = (
					"$(inherited)",
					"@executable_path/Frameworks",
				);
				MARKETING_VERSION = 1.0;
				PRODUCT_BUNDLE_IDENTIFIER = com.SimSangGab.IPhoneSettings;
				PRODUCT_NAME = "$(TARGET_NAME)";
				SWIFT_EMIT_LOC_STRINGS = YES;
				SWIFT_VERSION = 5.0;
				TARGETED_DEVICE_FAMILY = "1,2";
			};
			name = Release;
		};
		EF8DA4492B06E50D009ADCB2 /* Debug */ = {
			isa = XCBuildConfiguration;
			buildSettings = {
				ALWAYS_EMBED_SWIFT_STANDARD_LIBRARIES = YES;
				BUNDLE_LOADER = "$(TEST_HOST)";
				CODE_SIGN_STYLE = Automatic;
				CURRENT_PROJECT_VERSION = 1;
				DEVELOPMENT_TEAM = JA868URLCA;
				GENERATE_INFOPLIST_FILE = YES;
				IPHONEOS_DEPLOYMENT_TARGET = 16.4;
				MARKETING_VERSION = 1.0;
				PRODUCT_BUNDLE_IDENTIFIER = com.SimSangGab.IPhoneSettingsTests;
				PRODUCT_NAME = "$(TARGET_NAME)";
				SWIFT_EMIT_LOC_STRINGS = NO;
				SWIFT_VERSION = 5.0;
				TARGETED_DEVICE_FAMILY = "1,2";
				TEST_HOST = "$(BUILT_PRODUCTS_DIR)/IPhoneSettings.app/$(BUNDLE_EXECUTABLE_FOLDER_PATH)/IPhoneSettings";
			};
			name = Debug;
		};
		EF8DA44A2B06E50D009ADCB2 /* Release */ = {
			isa = XCBuildConfiguration;
			buildSettings = {
				ALWAYS_EMBED_SWIFT_STANDARD_LIBRARIES = YES;
				BUNDLE_LOADER = "$(TEST_HOST)";
				CODE_SIGN_STYLE = Automatic;
				CURRENT_PROJECT_VERSION = 1;
				DEVELOPMENT_TEAM = JA868URLCA;
				GENERATE_INFOPLIST_FILE = YES;
				IPHONEOS_DEPLOYMENT_TARGET = 16.4;
				MARKETING_VERSION = 1.0;
				PRODUCT_BUNDLE_IDENTIFIER = com.SimSangGab.IPhoneSettingsTests;
				PRODUCT_NAME = "$(TARGET_NAME)";
				SWIFT_EMIT_LOC_STRINGS = NO;
				SWIFT_VERSION = 5.0;
				TARGETED_DEVICE_FAMILY = "1,2";
				TEST_HOST = "$(BUILT_PRODUCTS_DIR)/IPhoneSettings.app/$(BUNDLE_EXECUTABLE_FOLDER_PATH)/IPhoneSettings";
			};
			name = Release;
		};
		EF8DA44C2B06E50D009ADCB2 /* Debug */ = {
			isa = XCBuildConfiguration;
			buildSettings = {
				ALWAYS_EMBED_SWIFT_STANDARD_LIBRARIES = YES;
				CODE_SIGN_STYLE = Automatic;
				CURRENT_PROJECT_VERSION = 1;
				DEVELOPMENT_TEAM = JA868URLCA;
				GENERATE_INFOPLIST_FILE = YES;
				MARKETING_VERSION = 1.0;
				PRODUCT_BUNDLE_IDENTIFIER = com.SimSangGab.IPhoneSettingsUITests;
				PRODUCT_NAME = "$(TARGET_NAME)";
				SWIFT_EMIT_LOC_STRINGS = NO;
				SWIFT_VERSION = 5.0;
				TARGETED_DEVICE_FAMILY = "1,2";
				TEST_TARGET_NAME = IPhoneSettings;
			};
			name = Debug;
		};
		EF8DA44D2B06E50D009ADCB2 /* Release */ = {
			isa = XCBuildConfiguration;
			buildSettings = {
				ALWAYS_EMBED_SWIFT_STANDARD_LIBRARIES = YES;
				CODE_SIGN_STYLE = Automatic;
				CURRENT_PROJECT_VERSION = 1;
				DEVELOPMENT_TEAM = JA868URLCA;
				GENERATE_INFOPLIST_FILE = YES;
				MARKETING_VERSION = 1.0;
				PRODUCT_BUNDLE_IDENTIFIER = com.SimSangGab.IPhoneSettingsUITests;
				PRODUCT_NAME = "$(TARGET_NAME)";
				SWIFT_EMIT_LOC_STRINGS = NO;
				SWIFT_VERSION = 5.0;
				TARGETED_DEVICE_FAMILY = "1,2";
				TEST_TARGET_NAME = IPhoneSettings;
			};
			name = Release;
		};
/* End XCBuildConfiguration section */

/* Begin XCConfigurationList section */
		EF8DA41C2B06E50A009ADCB2 /* Build configuration list for PBXProject "IPhoneSettings" */ = {
			isa = XCConfigurationList;
			buildConfigurations = (
				EF8DA4432B06E50D009ADCB2 /* Debug */,
				EF8DA4442B06E50D009ADCB2 /* Release */,
			);
			defaultConfigurationIsVisible = 0;
			defaultConfigurationName = Release;
		};
		EF8DA4452B06E50D009ADCB2 /* Build configuration list for PBXNativeTarget "IPhoneSettings" */ = {
			isa = XCConfigurationList;
			buildConfigurations = (
				EF8DA4462B06E50D009ADCB2 /* Debug */,
				EF8DA4472B06E50D009ADCB2 /* Release */,
			);
			defaultConfigurationIsVisible = 0;
			defaultConfigurationName = Release;
		};
		EF8DA4482B06E50D009ADCB2 /* Build configuration list for PBXNativeTarget "IPhoneSettingsTests" */ = {
			isa = XCConfigurationList;
			buildConfigurations = (
				EF8DA4492B06E50D009ADCB2 /* Debug */,
				EF8DA44A2B06E50D009ADCB2 /* Release */,
			);
			defaultConfigurationIsVisible = 0;
			defaultConfigurationName = Release;
		};
		EF8DA44B2B06E50D009ADCB2 /* Build configuration list for PBXNativeTarget "IPhoneSettingsUITests" */ = {
			isa = XCConfigurationList;
			buildConfigurations = (
				EF8DA44C2B06E50D009ADCB2 /* Debug */,
				EF8DA44D2B06E50D009ADCB2 /* Release */,
			);
			defaultConfigurationIsVisible = 0;
			defaultConfigurationName = Release;
		};
/* End XCConfigurationList section */
	};
	rootObject = EF8DA4192B06E50A009ADCB2 /* Project object */;
}
